
Microsoft Visual Studio Solution File, Format Version 12.00
# Visual Studio Version 16
VisualStudioVersion = 16.0.31424.327
MinimumVisualStudioVersion = 10.0.40219.1
Project("{9A19103F-16F7-4668-BE54-9A1E7A4F7556}") = "Bank", "Bank.csproj", "{F7185CA7-8DC8-4F12-B60E-16AE1EAF983A}"
EndProject
Global
	GlobalSection(SolutionConfigurationPlatforms) = preSolution
		Debug|Any CPU = Debug|Any CPU
		Release|Any CPU = Release|Any CPU
	EndGlobalSection
	GlobalSection(ProjectConfigurationPlatforms) = postSolution
		{F7185CA7-8DC8-4F12-B60E-16AE1EAF983A}.Debug|Any CPU.ActiveCfg = Debug|Any CPU
		{F7185CA7-8DC8-4F12-B60E-16AE1EAF983A}.Debug|Any CPU.Build.0 = Debug|Any CPU
		{F7185CA7-8DC8-4F12-B60E-16AE1EAF983A}.Release|Any CPU.ActiveCfg = Release|Any CPU
		{F7185CA7-8DC8-4F12-B60E-16AE1EAF983A}.Release|Any CPU.Build.0 = Release|Any CPU
	EndGlobalSection
	GlobalSection(SolutionProperties) = preSolution
		HideSolutionNode = FALSE
	EndGlobalSection
	GlobalSection(ExtensibilityGlobals) = postSolution
		SolutionGuid = {F3D67D3E-A894-44EA-A39C-656196AE6231}
	EndGlobalSection
EndGlobal
